{"version":4,"terraform_version":"1.9.1","serial":1,"lineage":"8f02a7d5-3a67-944a-0e5e-9fd57bd5b091","outputs":{},"resources":[{"mode":"managed","type":"gitea_org","name":"test_org","provider":"provider[\"registry.opentofu.org/go-gitea/gitea\"]","instances":[{"schema_version":0,"attributes":{"avatar_url":"http://git.example.com/avatars/233ef6026c6b2e8c512f9ed6756d1123","description":"","full_name":"","id":"3","location":"","name":"test-org","repo_admin_change_team_access":true,"repos":[],"visibility":"public","website":""},"sensitive_attributes":[],"private":"bnVsbA=="}]},{"mode":"managed","type":"gitea_repository","name":"org_repo","provider":"provider[\"registry.opentofu.org/go-gitea/gitea\"]","instances":[{"schema_version":0,"attributes":{"allow_manual_merge":true,"allow_merge_commits":true,"allow_rebase":true,"allow_rebase_explicit":true,"allow_squash_merge":true,"archive_on_destroy":false,"archived":false,"auto_init":true,"autodetect_manual_merge":true,"clone_url":"http://git.example.com/test-org/org-test-repo.git","created":"2025-09-29 11:31:40 +0000 UTC","default_branch":"main","description":"","gitignores":null,"has_issues":true,"has_projects":true,"has_pull_requests":true,"has_wiki":true,"html_url":"http://git.example.com/test-org/org-test-repo","id":"2","ignore_whitespace_conflicts":true,"issue_labels":"Default","license":null,"migration_clone_address":null,"migration_clone_addresse":null,"migration_issue_labels":true,"migration_lfs":null,"migration_lfs_endpoint":null,"migration_milestones":true,"migration_mirror_interval":"8h0m0s","migration_releases":true,"migration_service":null,"migration_service_auth_password":null,"migration_service_auth_token":null,"migration_service_auth_username":null,"mirror":false,"name":"org-test-repo","permission_admin":true,"permission_pull":true,"permission_push":true,"private":true,"readme":null,"repo_template":false,"ssh_url":"git@git.example.com:test-org/org-test-repo.git","updated":"2025-09-29 11:31:41 +0000 UTC","username":"test-org","website":""},"sensitive_attributes":[[{"type":"get_attr","value":"migration_service_auth_password"}],[{"type":"get_attr","value":"migration_service_auth_token"}]],"private":"bnVsbA==","dependencies":["gitea_org.test_org"]}]}],"check_results":null}
