{"version":4,"terraform_version":"1.9.1","serial":2,"lineage":"8f02a7d5-3a67-944a-0e5e-9fd57bd5b091","outputs":{},"resources":[{"mode":"managed","type":"gitea_org","name":"test_org","provider":"provider[\"registry.opentofu.org/go-gitea/gitea\"]","instances":[{"schema_version":0,"attributes":{"avatar_url":"http://git.example.com/avatars/a8783b5f6e86d909a36e8e5703f5bbae","description":"","full_name":"","id":"4","location":"","name":"simple-gitops-poc","repo_admin_change_team_access":true,"repos":[],"visibility":"public","website":""},"sensitive_attributes":[],"private":"bnVsbA=="}]},{"mode":"managed","type":"gitea_repository","name":"dev_repo","provider":"provider[\"registry.opentofu.org/go-gitea/gitea\"]","instances":[{"schema_version":0,"attributes":{"allow_manual_merge":true,"allow_merge_commits":true,"allow_rebase":true,"allow_rebase_explicit":true,"allow_squash_merge":true,"archive_on_destroy":false,"archived":false,"auto_init":true,"autodetect_manual_merge":true,"clone_url":"http://git.example.com/simple-gitops-poc/cluster-dev-poc.git","created":"2025-09-29 11:33:36 +0000 UTC","default_branch":"main","description":"","gitignores":null,"has_issues":true,"has_projects":true,"has_pull_requests":true,"has_wiki":true,"html_url":"http://git.example.com/simple-gitops-poc/cluster-dev-poc","id":"5","ignore_whitespace_conflicts":true,"issue_labels":"Default","license":null,"migration_clone_address":null,"migration_clone_addresse":null,"migration_issue_labels":true,"migration_lfs":null,"migration_lfs_endpoint":null,"migration_milestones":true,"migration_mirror_interval":"8h0m0s","migration_releases":true,"migration_service":null,"migration_service_auth_password":null,"migration_service_auth_token":null,"migration_service_auth_username":null,"mirror":false,"name":"cluster-dev-poc","permission_admin":true,"permission_pull":true,"permission_push":true,"private":true,"readme":null,"repo_template":false,"ssh_url":"git@git.example.com:simple-gitops-poc/cluster-dev-poc.git","updated":"2025-09-29 11:33:36 +0000 UTC","username":"simple-gitops-poc","website":""},"sensitive_attributes":[[{"type":"get_attr","value":"migration_service_auth_token"}],[{"type":"get_attr","value":"migration_service_auth_password"}]],"private":"bnVsbA==","dependencies":["gitea_org.test_org"]}]},{"mode":"managed","type":"gitea_repository","name":"prod_repo","provider":"provider[\"registry.opentofu.org/go-gitea/gitea\"]","instances":[{"schema_version":0,"attributes":{"allow_manual_merge":true,"allow_merge_commits":true,"allow_rebase":true,"allow_rebase_explicit":true,"allow_squash_merge":true,"archive_on_destroy":false,"archived":false,"auto_init":true,"autodetect_manual_merge":true,"clone_url":"http://git.example.com/simple-gitops-poc/cluster-prod-poc.git","created":"2025-09-29 11:33:36 +0000 UTC","default_branch":"main","description":"","gitignores":null,"has_issues":true,"has_projects":true,"has_pull_requests":true,"has_wiki":true,"html_url":"http://git.example.com/simple-gitops-poc/cluster-prod-poc","id":"3","ignore_whitespace_conflicts":true,"issue_labels":"Default","license":null,"migration_clone_address":null,"migration_clone_addresse":null,"migration_issue_labels":true,"migration_lfs":null,"migration_lfs_endpoint":null,"migration_milestones":true,"migration_mirror_interval":"8h0m0s","migration_releases":true,"migration_service":null,"migration_service_auth_password":null,"migration_service_auth_token":null,"migration_service_auth_username":null,"mirror":false,"name":"cluster-prod-poc","permission_admin":true,"permission_pull":true,"permission_push":true,"private":true,"readme":null,"repo_template":false,"ssh_url":"git@git.example.com:simple-gitops-poc/cluster-prod-poc.git","updated":"2025-09-29 11:33:36 +0000 UTC","username":"simple-gitops-poc","website":""},"sensitive_attributes":[[{"type":"get_attr","value":"migration_service_auth_token"}],[{"type":"get_attr","value":"migration_service_auth_password"}]],"private":"bnVsbA==","dependencies":["gitea_org.test_org"]}]},{"mode":"managed","type":"gitea_repository","name":"staging_repo","provider":"provider[\"registry.opentofu.org/go-gitea/gitea\"]","instances":[{"schema_version":0,"attributes":{"allow_manual_merge":true,"allow_merge_commits":true,"allow_rebase":true,"allow_rebase_explicit":true,"allow_squash_merge":true,"archive_on_destroy":false,"archived":false,"auto_init":true,"autodetect_manual_merge":true,"clone_url":"http://git.example.com/simple-gitops-poc/cluster-staging-poc.git","created":"2025-09-29 11:33:36 +0000 UTC","default_branch":"main","description":"","gitignores":null,"has_issues":true,"has_projects":true,"has_pull_requests":true,"has_wiki":true,"html_url":"http://git.example.com/simple-gitops-poc/cluster-staging-poc","id":"4","ignore_whitespace_conflicts":true,"issue_labels":"Default","license":null,"migration_clone_address":null,"migration_clone_addresse":null,"migration_issue_labels":true,"migration_lfs":null,"migration_lfs_endpoint":null,"migration_milestones":true,"migration_mirror_interval":"8h0m0s","migration_releases":true,"migration_service":null,"migration_service_auth_password":null,"migration_service_auth_token":null,"migration_service_auth_username":null,"mirror":false,"name":"cluster-staging-poc","permission_admin":true,"permission_pull":true,"permission_push":true,"private":true,"readme":null,"repo_template":false,"ssh_url":"git@git.example.com:simple-gitops-poc/cluster-staging-poc.git","updated":"2025-09-29 11:33:36 +0000 UTC","username":"simple-gitops-poc","website":""},"sensitive_attributes":[[{"type":"get_attr","value":"migration_service_auth_password"}],[{"type":"get_attr","value":"migration_service_auth_token"}]],"private":"bnVsbA==","dependencies":["gitea_org.test_org"]}]}],"check_results":null}
